// !$*UTF8*$!
{
	archiveVersion = 1;
	classes = {
	};
	objectVersion = 50;
	objects = {

/* Begin PBXBuildFile section */
		AA4268F620F7632E007929DF /* AppDelegate.swift in Sources */ = {isa = PBXBuildFile; fileRef = AA4268F520F7632E007929DF /* AppDelegate.swift */; };
		AA4268F820F7632E007929DF /* ViewController.swift in Sources */ = {isa = PBXBuildFile; fileRef = AA4268F720F7632E007929DF /* ViewController.swift */; };
		AA4268FB20F7632E007929DF /* Main.storyboard in Resources */ = {isa = PBXBuildFile; fileRef = AA4268F920F7632E007929DF /* Main.storyboard */; };
		AA4268FD20F76332007929DF /* Assets.xcassets in Resources */ = {isa = PBXBuildFile; fileRef = AA4268FC20F76332007929DF /* Assets.xcassets */; };
		AA42690020F76332007929DF /* LaunchScreen.storyboard in Resources */ = {isa = PBXBuildFile; fileRef = AA4268FE20F76332007929DF /* LaunchScreen.storyboard */; };
		AA42690A20F85053007929DF /* ContactTableViewCell.swift in Sources */ = {isa = PBXBuildFile; fileRef = AA42690820F85053007929DF /* ContactTableViewCell.swift */; };
		AA42690B20F85053007929DF /* ContactTableViewCell.xib in Resources */ = {isa = PBXBuildFile; fileRef = AA42690920F85053007929DF /* ContactTableViewCell.xib */; };
		AA42690D20F86066007929DF /* ContactDetailController.swift in Sources */ = {isa = PBXBuildFile; fileRef = AA42690C20F86066007929DF /* ContactDetailController.swift */; };
		AA67768620FC9632001037C4 /* Contact.swift in Sources */ = {isa = PBXBuildFile; fileRef = AA67768520FC9632001037C4 /* Contact.swift */; };
		AA67768920FCAC92001037C4 /* DataModel.xcdatamodeld in Sources */ = {isa = PBXBuildFile; fileRef = AA67768720FCAC92001037C4 /* DataModel.xcdatamodeld */; };
		BACF264E20FBABB60076474F /* NewContactController.swift in Sources */ = {isa = PBXBuildFile; fileRef = BACF264D20FBABB60076474F /* NewContactController.swift */; };
		BACF265020FBB92A0076474F /* TextInputTableViewCell.swift in Sources */ = {isa = PBXBuildFile; fileRef = BACF264F20FBB92A0076474F /* TextInputTableViewCell.swift */; };
/* End PBXBuildFile section */

/* Begin PBXFileReference section */
		AA4268F220F7632E007929DF /* ContactListDemo.app */ = {isa = PBXFileReference; explicitFileType = wrapper.application; includeInIndex = 0; path = ContactListDemo.app; sourceTree = BUILT_PRODUCTS_DIR; };
		AA4268F520F7632E007929DF /* AppDelegate.swift */ = {isa = PBXFileReference; lastKnownFileType = sourcecode.swift; path = AppDelegate.swift; sourceTree = "<group>"; };
		AA4268F720F7632E007929DF /* ViewController.swift */ = {isa = PBXFileReference; lastKnownFileType = sourcecode.swift; path = ViewController.swift; sourceTree = "<group>"; };
		AA4268FA20F7632E007929DF /* Base */ = {isa = PBXFileReference; lastKnownFileType = file.storyboard; name = Base; path = Base.lproj/Main.storyboard; sourceTree = "<group>"; };
		AA4268FC20F76332007929DF /* Assets.xcassets */ = {isa = PBXFileReference; lastKnownFileType = folder.assetcatalog; path = Assets.xcassets; sourceTree = "<group>"; };
		AA4268FF20F76332007929DF /* Base */ = {isa = PBXFileReference; lastKnownFileType = file.storyboard; name = Base; path = Base.lproj/LaunchScreen.storyboard; sourceTree = "<group>"; };
		AA42690120F76332007929DF /* Info.plist */ = {isa = PBXFileReference; lastKnownFileType = text.plist.xml; path = Info.plist; sourceTree = "<group>"; };
		AA42690820F85053007929DF /* ContactTableViewCell.swift */ = {isa = PBXFileReference; lastKnownFileType = sourcecode.swift; path = ContactTableViewCell.swift; sourceTree = "<group>"; };
		AA42690920F85053007929DF /* ContactTableViewCell.xib */ = {isa = PBXFileReference; lastKnownFileType = file.xib; path = ContactTableViewCell.xib; sourceTree = "<group>"; };
		AA42690C20F86066007929DF /* ContactDetailController.swift */ = {isa = PBXFileReference; lastKnownFileType = sourcecode.swift; path = ContactDetailController.swift; sourceTree = "<group>"; };
		AA67768520FC9632001037C4 /* Contact.swift */ = {isa = PBXFileReference; lastKnownFileType = sourcecode.swift; path = Contact.swift; sourceTree = "<group>"; };
		AA67768820FCAC92001037C4 /* DataModel.xcdatamodel */ = {isa = PBXFileReference; lastKnownFileType = wrapper.xcdatamodel; path = DataModel.xcdatamodel; sourceTree = "<group>"; };
		BACF264D20FBABB60076474F /* NewContactController.swift */ = {isa = PBXFileReference; lastKnownFileType = sourcecode.swift; path = NewContactController.swift; sourceTree = "<group>"; };
		BACF264F20FBB92A0076474F /* TextInputTableViewCell.swift */ = {isa = PBXFileReference; lastKnownFileType = sourcecode.swift; path = TextInputTableViewCell.swift; sourceTree = "<group>"; };
/* End PBXFileReference section */

/* Begin PBXFrameworksBuildPhase section */
		AA4268EF20F7632E007929DF /* Frameworks */ = {
			isa = PBXFrameworksBuildPhase;
			buildActionMask = 2147483647;
			files = (
			);
			runOnlyForDeploymentPostprocessing = 0;
		};
/* End PBXFrameworksBuildPhase section */

/* Begin PBXGroup section */
		AA4268E920F7632E007929DF = {
			isa = PBXGroup;
			children = (
				AA4268F420F7632E007929DF /* ContactListDemo */,
				AA4268F320F7632E007929DF /* Products */,
			);
			sourceTree = "<group>";
		};
		AA4268F320F7632E007929DF /* Products */ = {
			isa = PBXGroup;
			children = (
				AA4268F220F7632E007929DF /* ContactListDemo.app */,
			);
			name = Products;
			sourceTree = "<group>";
		};
		AA4268F420F7632E007929DF /* ContactListDemo */ = {
			isa = PBXGroup;
			children = (
				AA67768320FC95EC001037C4 /* Model */,
				BACF264B20FBA9C00076474F /* Controller */,
				AA42690720F84D38007929DF /* View */,
				AA67768420FC9608001037C4 /* Supporting Files */,
				AA42690120F76332007929DF /* Info.plist */,
			);
			path = ContactListDemo;
			sourceTree = "<group>";
		};
		AA42690720F84D38007929DF /* View */ = {
			isa = PBXGroup;
			children = (
				BACF264C20FBA9FA0076474F /* CustomeCell */,
				AA4268F920F7632E007929DF /* Main.storyboard */,
				AA4268FE20F76332007929DF /* LaunchScreen.storyboard */,
			);
			path = View;
			sourceTree = "<group>";
		};
		AA67768320FC95EC001037C4 /* Model */ = {
			isa = PBXGroup;
			children = (
				AA67768520FC9632001037C4 /* Contact.swift */,
				AA67768720FCAC92001037C4 /* DataModel.xcdatamodeld */,
			);
			path = Model;
			sourceTree = "<group>";
		};
		AA67768420FC9608001037C4 /* Supporting Files */ = {
			isa = PBXGroup;
			children = (
				AA4268F520F7632E007929DF /* AppDelegate.swift */,
				AA4268FC20F76332007929DF /* Assets.xcassets */,
			);
			path = "Supporting Files";
			sourceTree = "<group>";
		};
		BACF264B20FBA9C00076474F /* Controller */ = {
			isa = PBXGroup;
			children = (
				AA4268F720F7632E007929DF /* ViewController.swift */,
				AA42690C20F86066007929DF /* ContactDetailController.swift */,
				BACF264D20FBABB60076474F /* NewContactController.swift */,
			);
			path = Controller;
			sourceTree = "<group>";
		};
		BACF264C20FBA9FA0076474F /* CustomeCell */ = {
			isa = PBXGroup;
			children = (
				AA42690820F85053007929DF /* ContactTableViewCell.swift */,
				AA42690920F85053007929DF /* ContactTableViewCell.xib */,
				BACF264F20FBB92A0076474F /* TextInputTableViewCell.swift */,
			);
			path = CustomeCell;
			sourceTree = "<group>";
		};
/* End PBXGroup section */

/* Begin PBXNativeTarget section */
		AA4268F120F7632E007929DF /* ContactListDemo */ = {
			isa = PBXNativeTarget;
			buildConfigurationList = AA42690420F76332007929DF /* Build configuration list for PBXNativeTarget "ContactListDemo" */;
			buildPhases = (
				AA4268EE20F7632E007929DF /* Sources */,
				AA4268EF20F7632E007929DF /* Frameworks */,
				AA4268F020F7632E007929DF /* Resources */,
			);
			buildRules = (
			);
			dependencies = (
			);
			name = ContactListDemo;
			productName = ContactListDemo;
			productReference = AA4268F220F7632E007929DF /* ContactListDemo.app */;
			productType = "com.apple.product-type.application";
		};
/* End PBXNativeTarget section */

/* Begin PBXProject section */
		AA4268EA20F7632E007929DF /* Project object */ = {
			isa = PBXProject;
			attributes = {
				LastSwiftUpdateCheck = 0940;
				LastUpgradeCheck = 0940;
				ORGANIZATIONNAME = HungBM;
				TargetAttributes = {
					AA4268F120F7632E007929DF = {
						CreatedOnToolsVersion = 9.4.1;
					};
				};
			};
			buildConfigurationList = AA4268ED20F7632E007929DF /* Build configuration list for PBXProject "ContactListDemo" */;
			compatibilityVersion = "Xcode 9.3";
			developmentRegion = en;
			hasScannedForEncodings = 0;
			knownRegions = (
				en,
				Base,
			);
			mainGroup = AA4268E920F7632E007929DF;
			productRefGroup = AA4268F320F7632E007929DF /* Products */;
			projectDirPath = "";
			projectRoot = "";
			targets = (
				AA4268F120F7632E007929DF /* ContactListDemo */,
			);
		};
/* End PBXProject section */

/* Begin PBXResourcesBuildPhase section */
		AA4268F020F7632E007929DF /* Resources */ = {
			isa = PBXResourcesBuildPhase;
			buildActionMask = 2147483647;
			files = (
				AA42690B20F85053007929DF /* ContactTableViewCell.xib in Resources */,
				AA42690020F76332007929DF /* LaunchScreen.storyboard in Resources */,
				AA4268FD20F76332007929DF /* Assets.xcassets in Resources */,
				AA4268FB20F7632E007929DF /* Main.storyboard in Resources */,
			);
			runOnlyForDeploymentPostprocessing = 0;
		};
/* End PBXResourcesBuildPhase section */

/* Begin PBXSourcesBuildPhase section */
		AA4268EE20F7632E007929DF /* Sources */ = {
			isa = PBXSourcesBuildPhase;
			buildActionMask = 2147483647;
			files = (
				AA42690A20F85053007929DF /* ContactTableViewCell.swift in Sources */,
				AA67768920FCAC92001037C4 /* DataModel.xcdatamodeld in Sources */,
				BACF265020FBB92A0076474F /* TextInputTableViewCell.swift in Sources */,
				AA4268F820F7632E007929DF /* ViewController.swift in Sources */,
				AA4268F620F7632E007929DF /* AppDelegate.swift in Sources */,
				AA42690D20F86066007929DF /* ContactDetailController.swift in Sources */,
				BACF264E20FBABB60076474F /* NewContactController.swift in Sources */,
				AA67768620FC9632001037C4 /* Contact.swift in Sources */,
			);
			runOnlyForDeploymentPostprocessing = 0;
		};
/* End PBXSourcesBuildPhase section */

/* Begin PBXVariantGroup section */
		AA4268F920F7632E007929DF /* Main.storyboard */ = {
			isa = PBXVariantGroup;
			children = (
				AA4268FA20F7632E007929DF /* Base */,
			);
			name = Main.storyboard;
			sourceTree = "<group>";
		};
		AA4268FE20F76332007929DF /* LaunchScreen.storyboard */ = {
			isa = PBXVariantGroup;
			children = (
				AA4268FF20F76332007929DF /* Base */,
			);
			name = LaunchScreen.storyboard;
			sourceTree = "<group>";
		};
/* End PBXVariantGroup section */

/* Begin XCBuildConfiguration section */
		AA42690220F76332007929DF /* Debug */ = {
			isa = XCBuildConfiguration;
			buildSettings = {
				ALWAYS_SEARCH_USER_PATHS = NO;
				CLANG_ANALYZER_NONNULL = YES;
				CLANG_ANALYZER_NUMBER_OBJECT_CONVERSION = YES_AGGRESSIVE;
				CLANG_CXX_LANGUAGE_STANDARD = "gnu++14";
				CLANG_CXX_LIBRARY = "libc++";
				CLANG_ENABLE_MODULES = YES;
				CLANG_ENABLE_OBJC_ARC = YES;
				CLANG_ENABLE_OBJC_WEAK = YES;
				CLANG_WARN_BLOCK_CAPTURE_AUTORELEASING = YES;
				CLANG_WARN_BOOL_CONVERSION = YES;
				CLANG_WARN_COMMA = YES;
				CLANG_WARN_CONSTANT_CONVERSION = YES;
				CLANG_WARN_DEPRECATED_OBJC_IMPLEMENTATIONS = YES;
				CLANG_WARN_DIRECT_OBJC_ISA_USAGE = YES_ERROR;
				CLANG_WARN_DOCUMENTATION_COMMENTS = YES;
				CLANG_WARN_EMPTY_BODY = YES;
				CLANG_WARN_ENUM_CONVERSION = YES;
				CLANG_WARN_INFINITE_RECURSION = YES;
				CLANG_WARN_INT_CONVERSION = YES;
				CLANG_WARN_NON_LITERAL_NULL_CONVERSION = YES;
				CLANG_WARN_OBJC_IMPLICIT_RETAIN_SELF = YES;
				CLANG_WARN_OBJC_LITERAL_CONVERSION = YES;
				CLANG_WARN_OBJC_ROOT_CLASS = YES_ERROR;
				CLANG_WARN_RANGE_LOOP_ANALYSIS = YES;
				CLANG_WARN_STRICT_PROTOTYPES = YES;
				CLANG_WARN_SUSPICIOUS_MOVE = YES;
				CLANG_WARN_UNGUARDED_AVAILABILITY = YES_AGGRESSIVE;
				CLANG_WARN_UNREACHABLE_CODE = YES;
				CLANG_WARN__DUPLICATE_METHOD_MATCH = YES;
				CODE_SIGN_IDENTITY = "iPhone Developer";
				COPY_PHASE_STRIP = NO;
				DEBUG_INFORMATION_FORMAT = dwarf;
				ENABLE_STRICT_OBJC_MSGSEND = YES;
				ENABLE_TESTABILITY = YES;
				GCC_C_LANGUAGE_STANDARD = gnu11;
				GCC_DYNAMIC_NO_PIC = NO;
				GCC_NO_COMMON_BLOCKS = YES;
				GCC_OPTIMIZATION_LEVEL = 0;
				GCC_PREPROCESSOR_DEFINITIONS = (
					"DEBUG=1",
					"$(inherited)",
				);
				GCC_WARN_64_TO_32_BIT_CONVERSION = YES;
				GCC_WARN_ABOUT_RETURN_TYPE = YES_ERROR;
				GCC_WARN_UNDECLARED_SELECTOR = YES;
				GCC_WARN_UNINITIALIZED_AUTOS = YES_AGGRESSIVE;
				GCC_WARN_UNUSED_FUNCTION = YES;
				GCC_WARN_UNUSED_VARIABLE = YES;
				IPHONEOS_DEPLOYMENT_TARGET = 11.4;
				MTL_ENABLE_DEBUG_INFO = YES;
				ONLY_ACTIVE_ARCH = YES;
				SDKROOT = iphoneos;
				SWIFT_ACTIVE_COMPILATION_CONDITIONS = DEBUG;
				SWIFT_OPTIMIZATION_LEVEL = "-Onone";
			};
			name = Debug;
		};
		AA42690320F76332007929DF /* Release */ = {
			isa = XCBuildConfiguration;
			buildSettings = {
				ALWAYS_SEARCH_USER_PATHS = NO;
				CLANG_ANALYZER_NONNULL = YES;
				CLANG_ANALYZER_NUMBER_OBJECT_CONVERSION = YES_AGGRESSIVE;
				CLANG_CXX_LANGUAGE_STANDARD = "gnu++14";
				CLANG_CXX_LIBRARY = "libc++";
				CLANG_ENABLE_MODULES = YES;
				CLANG_ENABLE_OBJC_ARC = YES;
				CLANG_ENABLE_OBJC_WEAK = YES;
				CLANG_WARN_BLOCK_CAPTURE_AUTORELEASING = YES;
				CLANG_WARN_BOOL_CONVERSION = YES;
				CLANG_WARN_COMMA = YES;
				CLANG_WARN_CONSTANT_CONVERSION = YES;
				CLANG_WARN_DEPRECATED_OBJC_IMPLEMENTATIONS = YES;
				CLANG_WARN_DIRECT_OBJC_ISA_USAGE = YES_ERROR;
				CLANG_WARN_DOCUMENTATION_COMMENTS = YES;
				CLANG_WARN_EMPTY_BODY = YES;
				CLANG_WARN_ENUM_CONVERSION = YES;
				CLANG_WARN_INFINITE_RECURSION = YES;
				CLANG_WARN_INT_CONVERSION = YES;
				CLANG_WARN_NON_LITERAL_NULL_CONVERSION = YES;
				CLANG_WARN_OBJC_IMPLICIT_RETAIN_SELF = YES;
				CLANG_WARN_OBJC_LITERAL_CONVERSION = YES;
				CLANG_WARN_OBJC_ROOT_CLASS = YES_ERROR;
				CLANG_WARN_RANGE_LOOP_ANALYSIS = YES;
				CLANG_WARN_STRICT_PROTOTYPES = YES;
				CLANG_WARN_SUSPICIOUS_MOVE = YES;
				CLANG_WARN_UNGUARDED_AVAILABILITY = YES_AGGRESSIVE;
				CLANG_WARN_UNREACHABLE_CODE = YES;
				CLANG_WARN__DUPLICATE_METHOD_MATCH = YES;
				CODE_SIGN_IDENTITY = "iPhone Developer";
				COPY_PHASE_STRIP = NO;
				DEBUG_INFORMATION_FORMAT = "dwarf-with-dsym";
				ENABLE_NS_ASSERTIONS = NO;
				ENABLE_STRICT_OBJC_MSGSEND = YES;
				GCC_C_LANGUAGE_STANDARD = gnu11;
				GCC_NO_COMMON_BLOCKS = YES;
				GCC_WARN_64_TO_32_BIT_CONVERSION = YES;
				GCC_WARN_ABOUT_RETURN_TYPE = YES_ERROR;
				GCC_WARN_UNDECLARED_SELECTOR = YES;
				GCC_WARN_UNINITIALIZED_AUTOS = YES_AGGRESSIVE;
				GCC_WARN_UNUSED_FUNCTION = YES;
				GCC_WARN_UNUSED_VARIABLE = YES;
				IPHONEOS_DEPLOYMENT_TARGET = 11.4;
				MTL_ENABLE_DEBUG_INFO = NO;
				SDKROOT = iphoneos;
				SWIFT_COMPILATION_MODE = wholemodule;
				SWIFT_OPTIMIZATION_LEVEL = "-O";
				VALIDATE_PRODUCT = YES;
			};
			name = Release;
		};
		AA42690520F76332007929DF /* Debug */ = {
			isa = XCBuildConfiguration;
			buildSettings = {
				ASSETCATALOG_COMPILER_APPICON_NAME = AppIcon;
				CODE_SIGN_STYLE = Automatic;
				DEVELOPMENT_TEAM = 94T6H355HB;
				INFOPLIST_FILE = ContactListDemo/Info.plist;
				IPHONEOS_DEPLOYMENT_TARGET = 10.0;
				LD_RUNPATH_SEARCH_PATHS = (
					"$(inherited)",
					"@executable_path/Frameworks",
				);
				PRODUCT_BUNDLE_IDENTIFIER = com.buimanhhung.ContactListDemo;
				PRODUCT_NAME = "$(TARGET_NAME)";
				SWIFT_VERSION = 4.0;
				TARGETED_DEVICE_FAMILY = 1;
			};
			name = Debug;
		};
		AA42690620F76332007929DF /* Release */ = {
			isa = XCBuildConfiguration;
			buildSettings = {
				ASSETCATALOG_COMPILER_APPICON_NAME = AppIcon;
				CODE_SIGN_STYLE = Automatic;
				DEVELOPMENT_TEAM = 94T6H355HB;
				INFOPLIST_FILE = ContactListDemo/Info.plist;
				IPHONEOS_DEPLOYMENT_TARGET = 10.0;
				LD_RUNPATH_SEARCH_PATHS = (
					"$(inherited)",
					"@executable_path/Frameworks",
				);
				PRODUCT_BUNDLE_IDENTIFIER = com.buimanhhung.ContactListDemo;
				PRODUCT_NAME = "$(TARGET_NAME)";
				SWIFT_VERSION = 4.0;
				TARGETED_DEVICE_FAMILY = 1;
			};
			name = Release;
		};
/* End XCBuildConfiguration section */

/* Begin XCConfigurationList section */
		AA4268ED20F7632E007929DF /* Build configuration list for PBXProject "ContactListDemo" */ = {
			isa = XCConfigurationList;
			buildConfigurations = (
				AA42690220F76332007929DF /* Debug */,
				AA42690320F76332007929DF /* Release */,
			);
			defaultConfigurationIsVisible = 0;
			defaultConfigurationName = Release;
		};
		AA42690420F76332007929DF /* Build configuration list for PBXNativeTarget "ContactListDemo" */ = {
			isa = XCConfigurationList;
			buildConfigurations = (
				AA42690520F76332007929DF /* Debug */,
				AA42690620F76332007929DF /* Release */,
			);
			defaultConfigurationIsVisible = 0;
			defaultConfigurationName = Release;
		};
/* End XCConfigurationList section */

/* Begin XCVersionGroup section */
		AA67768720FCAC92001037C4 /* DataModel.xcdatamodeld */ = {
			isa = XCVersionGroup;
			children = (
				AA67768820FCAC92001037C4 /* DataModel.xcdatamodel */,
			);
			currentVersion = AA67768820FCAC92001037C4 /* DataModel.xcdatamodel */;
			path = DataModel.xcdatamodeld;
			sourceTree = "<group>";
			versionGroupType = wrapper.xcdatamodel;
		};
/* End XCVersionGroup section */
	};
	rootObject = AA4268EA20F7632E007929DF /* Project object */;
}
